
Microsoft Visual Studio Solution File, Format Version 12.00
# Visual Studio Version 16
VisualStudioVersion = 16.0.31313.79
MinimumVisualStudioVersion = 10.0.40219.1
Project("{2150E333-8FDC-42A3-9474-1A3956D46DE8}") = "src", "src", "{25BC55B0-718C-4E4C-A370-13BE18DB832E}"
EndProject
Project("{9A19103F-16F7-4668-BE54-9A1E7A4F7556}") = "TagEChartsBlazor", "src\EChartsBlazor\TagEChartsBlazor.csproj", "{92C3EB87-770E-40A1-9FAC-446EBCF14C6C}"
EndProject
Project("{9A19103F-16F7-4668-BE54-9A1E7A4F7556}") = "SampleWeb", "SampleWeb\SampleWeb.csproj", "{AE1E08AC-9E13-4B56-A09A-F12EAF64C746}"
EndProject
Global
	GlobalSection(SolutionConfigurationPlatforms) = preSolution
		Debug|Any CPU = Debug|Any CPU
		Release|Any CPU = Release|Any CPU
	EndGlobalSection
	GlobalSection(ProjectConfigurationPlatforms) = postSolution
		{92C3EB87-770E-40A1-9FAC-446EBCF14C6C}.Debug|Any CPU.ActiveCfg = Debug|Any CPU
		{92C3EB87-770E-40A1-9FAC-446EBCF14C6C}.Debug|Any CPU.Build.0 = Debug|Any CPU
		{92C3EB87-770E-40A1-9FAC-446EBCF14C6C}.Release|Any CPU.ActiveCfg = Release|Any CPU
		{92C3EB87-770E-40A1-9FAC-446EBCF14C6C}.Release|Any CPU.Build.0 = Release|Any CPU
		{AE1E08AC-9E13-4B56-A09A-F12EAF64C746}.Debug|Any CPU.ActiveCfg = Debug|Any CPU
		{AE1E08AC-9E13-4B56-A09A-F12EAF64C746}.Debug|Any CPU.Build.0 = Debug|Any CPU
		{AE1E08AC-9E13-4B56-A09A-F12EAF64C746}.Release|Any CPU.ActiveCfg = Release|Any CPU
		{AE1E08AC-9E13-4B56-A09A-F12EAF64C746}.Release|Any CPU.Build.0 = Release|Any CPU
	EndGlobalSection
	GlobalSection(SolutionProperties) = preSolution
		HideSolutionNode = FALSE
	EndGlobalSection
	GlobalSection(NestedProjects) = preSolution
		{92C3EB87-770E-40A1-9FAC-446EBCF14C6C} = {25BC55B0-718C-4E4C-A370-13BE18DB832E}
	EndGlobalSection
	GlobalSection(ExtensibilityGlobals) = postSolution
		SolutionGuid = {32283464-E3D4-4535-85D0-1E1F351118FB}
	EndGlobalSection
EndGlobal
